// !$*UTF8*$!
{
	archiveVersion = 1;
	classes = {
	};
	objectVersion = 46;
	objects = {

/* Begin PBXBuildFile section */
		8F39A55A1D9B944D007AE8C8 /* AppDelegate.swift in Sources */ = {isa = PBXBuildFile; fileRef = 8F39A5591D9B944D007AE8C8 /* AppDelegate.swift */; };
		8F39A55C1D9B944D007AE8C8 /* ViewController.swift in Sources */ = {isa = PBXBuildFile; fileRef = 8F39A55B1D9B944D007AE8C8 /* ViewController.swift */; };
		8F39A55F1D9B944D007AE8C8 /* Main.storyboard in Resources */ = {isa = PBXBuildFile; fileRef = 8F39A55D1D9B944D007AE8C8 /* Main.storyboard */; };
		8F39A5611D9B944D007AE8C8 /* Assets.xcassets in Resources */ = {isa = PBXBuildFile; fileRef = 8F39A5601D9B944D007AE8C8 /* Assets.xcassets */; };
		8F39A5641D9B944D007AE8C8 /* LaunchScreen.storyboard in Resources */ = {isa = PBXBuildFile; fileRef = 8F39A5621D9B944D007AE8C8 /* LaunchScreen.storyboard */; };
/* End PBXBuildFile section */

/* Begin PBXFileReference section */
		8F39A5561D9B944D007AE8C8 /* UIImagePicker example.app */ = {isa = PBXFileReference; explicitFileType = wrapper.application; includeInIndex = 0; path = "UIImagePicker example.app"; sourceTree = BUILT_PRODUCTS_DIR; };
		8F39A5591D9B944D007AE8C8 /* AppDelegate.swift */ = {isa = PBXFileReference; lastKnownFileType = sourcecode.swift; path = AppDelegate.swift; sourceTree = "<group>"; };
		8F39A55B1D9B944D007AE8C8 /* ViewController.swift */ = {isa = PBXFileReference; lastKnownFileType = sourcecode.swift; path = ViewController.swift; sourceTree = "<group>"; };
		8F39A55E1D9B944D007AE8C8 /* Base */ = {isa = PBXFileReference; lastKnownFileType = file.storyboard; name = Base; path = Base.lproj/Main.storyboard; sourceTree = "<group>"; };
		8F39A5601D9B944D007AE8C8 /* Assets.xcassets */ = {isa = PBXFileReference; lastKnownFileType = folder.assetcatalog; path = Assets.xcassets; sourceTree = "<group>"; };
		8F39A5631D9B944D007AE8C8 /* Base */ = {isa = PBXFileReference; lastKnownFileType = file.storyboard; name = Base; path = Base.lproj/LaunchScreen.storyboard; sourceTree = "<group>"; };
		8F39A5651D9B944D007AE8C8 /* Info.plist */ = {isa = PBXFileReference; lastKnownFileType = text.plist.xml; path = Info.plist; sourceTree = "<group>"; };
/* End PBXFileReference section */

/* Begin PBXFrameworksBuildPhase section */
		8F39A5531D9B944D007AE8C8 /* Frameworks */ = {
			isa = PBXFrameworksBuildPhase;
			buildActionMask = 2147483647;
			files = (
			);
			runOnlyForDeploymentPostprocessing = 0;
		};
/* End PBXFrameworksBuildPhase section */

/* Begin PBXGroup section */
		8F39A54D1D9B944D007AE8C8 = {
			isa = PBXGroup;
			children = (
				8F39A5581D9B944D007AE8C8 /* UIImagePicker example */,
				8F39A5571D9B944D007AE8C8 /* Products */,
			);
			sourceTree = "<group>";
		};
		8F39A5571D9B944D007AE8C8 /* Products */ = {
			isa = PBXGroup;
			children = (
				8F39A5561D9B944D007AE8C8 /* UIImagePicker example.app */,
			);
			name = Products;
			sourceTree = "<group>";
		};
		8F39A5581D9B944D007AE8C8 /* UIImagePicker example */ = {
			isa = PBXGroup;
			children = (
				8F39A5591D9B944D007AE8C8 /* AppDelegate.swift */,
				8F39A55B1D9B944D007AE8C8 /* ViewController.swift */,
				8F39A55D1D9B944D007AE8C8 /* Main.storyboard */,
				8F39A5601D9B944D007AE8C8 /* Assets.xcassets */,
				8F39A5621D9B944D007AE8C8 /* LaunchScreen.storyboard */,
				8F39A5651D9B944D007AE8C8 /* Info.plist */,
			);
			path = "UIImagePicker example";
			sourceTree = "<group>";
		};
/* End PBXGroup section */

/* Begin PBXNativeTarget section */
		8F39A5551D9B944D007AE8C8 /* UIImagePicker example */ = {
			isa = PBXNativeTarget;
			buildConfigurationList = 8F39A5681D9B944D007AE8C8 /* Build configuration list for PBXNativeTarget "UIImagePicker example" */;
			buildPhases = (
				8F39A5521D9B944D007AE8C8 /* Sources */,
				8F39A5531D9B944D007AE8C8 /* Frameworks */,
				8F39A5541D9B944D007AE8C8 /* Resources */,
			);
			buildRules = (
			);
			dependencies = (
			);
			name = "UIImagePicker example";
			productName = "UIImagePicker example";
			productReference = 8F39A5561D9B944D007AE8C8 /* UIImagePicker example.app */;
			productType = "com.apple.product-type.application";
		};
/* End PBXNativeTarget section */

/* Begin PBXProject section */
		8F39A54E1D9B944D007AE8C8 /* Project object */ = {
			isa = PBXProject;
			attributes = {
				LastSwiftUpdateCheck = 0800;
				LastUpgradeCheck = 0800;
				ORGANIZATIONNAME = "Amit Chowdhury";
				TargetAttributes = {
					8F39A5551D9B944D007AE8C8 = {
						CreatedOnToolsVersion = 8.0;
						DevelopmentTeam = 673BAG78VN;
						ProvisioningStyle = Automatic;
					};
				};
			};
			buildConfigurationList = 8F39A5511D9B944D007AE8C8 /* Build configuration list for PBXProject "UIImagePicker example" */;
			compatibilityVersion = "Xcode 3.2";
			developmentRegion = English;
			hasScannedForEncodings = 0;
			knownRegions = (
				en,
				Base,
			);
			mainGroup = 8F39A54D1D9B944D007AE8C8;
			productRefGroup = 8F39A5571D9B944D007AE8C8 /* Products */;
			projectDirPath = "";
			projectRoot = "";
			targets = (
				8F39A5551D9B944D007AE8C8 /* UIImagePicker example */,
			);
		};
/* End PBXProject section */

/* Begin PBXResourcesBuildPhase section */
		8F39A5541D9B944D007AE8C8 /* Resources */ = {
			isa = PBXResourcesBuildPhase;
			buildActionMask = 2147483647;
			files = (
				8F39A5641D9B944D007AE8C8 /* LaunchScreen.storyboard in Resources */,
				8F39A5611D9B944D007AE8C8 /* Assets.xcassets in Resources */,
				8F39A55F1D9B944D007AE8C8 /* Main.storyboard in Resources */,
			);
			runOnlyForDeploymentPostprocessing = 0;
		};
/* End PBXResourcesBuildPhase section */

/* Begin PBXSourcesBuildPhase section */
		8F39A5521D9B944D007AE8C8 /* Sources */ = {
			isa = PBXSourcesBuildPhase;
			buildActionMask = 2147483647;
			files = (
				8F39A55C1D9B944D007AE8C8 /* ViewController.swift in Sources */,
				8F39A55A1D9B944D007AE8C8 /* AppDelegate.swift in Sources */,
			);
			runOnlyForDeploymentPostprocessing = 0;
		};
/* End PBXSourcesBuildPhase section */

/* Begin PBXVariantGroup section */
		8F39A55D1D9B944D007AE8C8 /* Main.storyboard */ = {
			isa = PBXVariantGroup;
			children = (
				8F39A55E1D9B944D007AE8C8 /* Base */,
			);
			name = Main.storyboard;
			sourceTree = "<group>";
		};
		8F39A5621D9B944D007AE8C8 /* LaunchScreen.storyboard */ = {
			isa = PBXVariantGroup;
			children = (
				8F39A5631D9B944D007AE8C8 /* Base */,
			);
			name = LaunchScreen.storyboard;
			sourceTree = "<group>";
		};
/* End PBXVariantGroup section */

/* Begin XCBuildConfiguration section */
		8F39A5661D9B944D007AE8C8 /* Debug */ = {
			isa = XCBuildConfiguration;
			buildSettings = {
				ALWAYS_SEARCH_USER_PATHS = NO;
				CLANG_ANALYZER_NONNULL = YES;
				CLANG_CXX_LANGUAGE_STANDARD = "gnu++0x";
				CLANG_CXX_LIBRARY = "libc++";
				CLANG_ENABLE_MODULES = YES;
				CLANG_ENABLE_OBJC_ARC = YES;
				CLANG_WARN_BOOL_CONVERSION = YES;
				CLANG_WARN_CONSTANT_CONVERSION = YES;
				CLANG_WARN_DIRECT_OBJC_ISA_USAGE = YES_ERROR;
				CLANG_WARN_DOCUMENTATION_COMMENTS = YES;
				CLANG_WARN_EMPTY_BODY = YES;
				CLANG_WARN_ENUM_CONVERSION = YES;
				CLANG_WARN_INFINITE_RECURSION = YES;
				CLANG_WARN_INT_CONVERSION = YES;
				CLANG_WARN_OBJC_ROOT_CLASS = YES_ERROR;
				CLANG_WARN_SUSPICIOUS_MOVES = YES;
				CLANG_WARN_UNREACHABLE_CODE = YES;
				CLANG_WARN__DUPLICATE_METHOD_MATCH = YES;
				"CODE_SIGN_IDENTITY[sdk=iphoneos*]" = "iPhone Developer";
				COPY_PHASE_STRIP = NO;
				DEBUG_INFORMATION_FORMAT = dwarf;
				ENABLE_STRICT_OBJC_MSGSEND = YES;
				ENABLE_TESTABILITY = YES;
				GCC_C_LANGUAGE_STANDARD = gnu99;
				GCC_DYNAMIC_NO_PIC = NO;
				GCC_NO_COMMON_BLOCKS = YES;
				GCC_OPTIMIZATION_LEVEL = 0;
				GCC_PREPROCESSOR_DEFINITIONS = (
					"DEBUG=1",
					"$(inherited)",
				);
				GCC_WARN_64_TO_32_BIT_CONVERSION = YES;
				GCC_WARN_ABOUT_RETURN_TYPE = YES_ERROR;
				GCC_WARN_UNDECLARED_SELECTOR = YES;
				GCC_WARN_UNINITIALIZED_AUTOS = YES_AGGRESSIVE;
				GCC_WARN_UNUSED_FUNCTION = YES;
				GCC_WARN_UNUSED_VARIABLE = YES;
				IPHONEOS_DEPLOYMENT_TARGET = 10.0;
				MTL_ENABLE_DEBUG_INFO = YES;
				ONLY_ACTIVE_ARCH = YES;
				SDKROOT = iphoneos;
				SWIFT_ACTIVE_COMPILATION_CONDITIONS = DEBUG;
				SWIFT_OPTIMIZATION_LEVEL = "-Onone";
				TARGETED_DEVICE_FAMILY = "1,2";
			};
			name = Debug;
		};
		8F39A5671D9B944D007AE8C8 /* Release */ = {
			isa = XCBuildConfiguration;
			buildSettings = {
				ALWAYS_SEARCH_USER_PATHS = NO;
				CLANG_ANALYZER_NONNULL = YES;
				CLANG_CXX_LANGUAGE_STANDARD = "gnu++0x";
				CLANG_CXX_LIBRARY = "libc++";
				CLANG_ENABLE_MODULES = YES;
				CLANG_ENABLE_OBJC_ARC = YES;
				CLANG_WARN_BOOL_CONVERSION = YES;
				CLANG_WARN_CONSTANT_CONVERSION = YES;
				CLANG_WARN_DIRECT_OBJC_ISA_USAGE = YES_ERROR;
				CLANG_WARN_DOCUMENTATION_COMMENTS = YES;
				CLANG_WARN_EMPTY_BODY = YES;
				CLANG_WARN_ENUM_CONVERSION = YES;
				CLANG_WARN_INFINITE_RECURSION = YES;
				CLANG_WARN_INT_CONVERSION = YES;
				CLANG_WARN_OBJC_ROOT_CLASS = YES_ERROR;
				CLANG_WARN_SUSPICIOUS_MOVES = YES;
				CLANG_WARN_UNREACHABLE_CODE = YES;
				CLANG_WARN__DUPLICATE_METHOD_MATCH = YES;
				"CODE_SIGN_IDENTITY[sdk=iphoneos*]" = "iPhone Developer";
				COPY_PHASE_STRIP = NO;
				DEBUG_INFORMATION_FORMAT = "dwarf-with-dsym";
				ENABLE_NS_ASSERTIONS = NO;
				ENABLE_STRICT_OBJC_MSGSEND = YES;
				GCC_C_LANGUAGE_STANDARD = gnu99;
				GCC_NO_COMMON_BLOCKS = YES;
				GCC_WARN_64_TO_32_BIT_CONVERSION = YES;
				GCC_WARN_ABOUT_RETURN_TYPE = YES_ERROR;
				GCC_WARN_UNDECLARED_SELECTOR = YES;
				GCC_WARN_UNINITIALIZED_AUTOS = YES_AGGRESSIVE;
				GCC_WARN_UNUSED_FUNCTION = YES;
				GCC_WARN_UNUSED_VARIABLE = YES;
				IPHONEOS_DEPLOYMENT_TARGET = 10.0;
				MTL_ENABLE_DEBUG_INFO = NO;
				SDKROOT = iphoneos;
				SWIFT_OPTIMIZATION_LEVEL = "-Owholemodule";
				TARGETED_DEVICE_FAMILY = "1,2";
				VALIDATE_PRODUCT = YES;
			};
			name = Release;
		};
		8F39A5691D9B944D007AE8C8 /* Debug */ = {
			isa = XCBuildConfiguration;
			buildSettings = {
				ASSETCATALOG_COMPILER_APPICON_NAME = AppIcon;
				DEVELOPMENT_TEAM = 673BAG78VN;
				INFOPLIST_FILE = "UIImagePicker example/Info.plist";
				LD_RUNPATH_SEARCH_PATHS = "$(inherited) @executable_path/Frameworks";
				PRODUCT_BUNDLE_IDENTIFIER = "com.nestedapps.UIImagePicker-example";
				PRODUCT_NAME = "$(TARGET_NAME)";
				SWIFT_VERSION = 3.0;
			};
			name = Debug;
		};
		8F39A56A1D9B944D007AE8C8 /* Release */ = {
			isa = XCBuildConfiguration;
			buildSettings = {
				ASSETCATALOG_COMPILER_APPICON_NAME = AppIcon;
				DEVELOPMENT_TEAM = 673BAG78VN;
				INFOPLIST_FILE = "UIImagePicker example/Info.plist";
				LD_RUNPATH_SEARCH_PATHS = "$(inherited) @executable_path/Frameworks";
				PRODUCT_BUNDLE_IDENTIFIER = "com.nestedapps.UIImagePicker-example";
				PRODUCT_NAME = "$(TARGET_NAME)";
				SWIFT_VERSION = 3.0;
			};
			name = Release;
		};
/* End XCBuildConfiguration section */

/* Begin XCConfigurationList section */
		8F39A5511D9B944D007AE8C8 /* Build configuration list for PBXProject "UIImagePicker example" */ = {
			isa = XCConfigurationList;
			buildConfigurations = (
				8F39A5661D9B944D007AE8C8 /* Debug */,
				8F39A5671D9B944D007AE8C8 /* Release */,
			);
			defaultConfigurationIsVisible = 0;
			defaultConfigurationName = Release;
		};
		8F39A5681D9B944D007AE8C8 /* Build configuration list for PBXNativeTarget "UIImagePicker example" */ = {
			isa = XCConfigurationList;
			buildConfigurations = (
				8F39A5691D9B944D007AE8C8 /* Debug */,
				8F39A56A1D9B944D007AE8C8 /* Release */,
			);
			defaultConfigurationIsVisible = 0;
		};
/* End XCConfigurationList section */
	};
	rootObject = 8F39A54E1D9B944D007AE8C8 /* Project object */;
}
